
Microsoft Visual Studio Solution File, Format Version 12.00
# Visual Studio Version 16
VisualStudioVersion = 16.0.31613.86
MinimumVisualStudioVersion = 10.0.40219.1
Project("{FAE04EC0-301F-11D3-BF4B-00C04F79EFBC}") = "WebApi_Mun", "WebApi_Mun\WebApi_Mun.csproj", "{D6544BD5-ABA5-4468-A7C6-A8EBF2209B43}"
EndProject
Global
	GlobalSection(SolutionConfigurationPlatforms) = preSolution
		Debug|Any CPU = Debug|Any CPU
		Release|Any CPU = Release|Any CPU
	EndGlobalSection
	GlobalSection(ProjectConfigurationPlatforms) = postSolution
		{D6544BD5-ABA5-4468-A7C6-A8EBF2209B43}.Debug|Any CPU.ActiveCfg = Debug|Any CPU
		{D6544BD5-ABA5-4468-A7C6-A8EBF2209B43}.Debug|Any CPU.Build.0 = Debug|Any CPU
		{D6544BD5-ABA5-4468-A7C6-A8EBF2209B43}.Release|Any CPU.ActiveCfg = Release|Any CPU
		{D6544BD5-ABA5-4468-A7C6-A8EBF2209B43}.Release|Any CPU.Build.0 = Release|Any CPU
	EndGlobalSection
	GlobalSection(SolutionProperties) = preSolution
		HideSolutionNode = FALSE
	EndGlobalSection
	GlobalSection(ExtensibilityGlobals) = postSolution
		SolutionGuid = {2011E199-0139-4949-AB91-9FE08E59D60A}
	EndGlobalSection
EndGlobal
